
Microsoft Visual Studio Solution File, Format Version 12.00
# Visual Studio Version 17
VisualStudioVersion = 17.6.33815.320
MinimumVisualStudioVersion = 10.0.40219.1
Project("{FAE04EC0-301F-11D3-BF4B-00C04F79EFBC}") = "ShelterManagerCreateAccount", "ShelterManagerCreateAccount\ShelterManagerCreateAccount.csproj", "{212A8679-5B11-4AFB-A615-6924309AFDFC}"
EndProject
Global
	GlobalSection(SolutionConfigurationPlatforms) = preSolution
		Debug|Any CPU = Debug|Any CPU
		Release|Any CPU = Release|Any CPU
	EndGlobalSection
	GlobalSection(ProjectConfigurationPlatforms) = postSolution
		{212A8679-5B11-4AFB-A615-6924309AFDFC}.Debug|Any CPU.ActiveCfg = Debug|Any CPU
		{212A8679-5B11-4AFB-A615-6924309AFDFC}.Debug|Any CPU.Build.0 = Debug|Any CPU
		{212A8679-5B11-4AFB-A615-6924309AFDFC}.Release|Any CPU.ActiveCfg = Release|Any CPU
		{212A8679-5B11-4AFB-A615-6924309AFDFC}.Release|Any CPU.Build.0 = Release|Any CPU
	EndGlobalSection
	GlobalSection(SolutionProperties) = preSolution
		HideSolutionNode = FALSE
	EndGlobalSection
	GlobalSection(ExtensibilityGlobals) = postSolution
		SolutionGuid = {299CF389-8131-41F9-9E28-A91BE0E6937B}
	EndGlobalSection
EndGlobal
